{
  "nodes": {
    "exon": {
      "inputs": {
        "hix": "hix"
      },
      "locked": {
        "lastModified": 1693680844,
        "narHash": "sha256-UMNDduFSHSKyQBA1Crtty5VRFcRKnMGhyzoWhCAikjI=",
        "ref": "refs/heads/main",
        "rev": "b84f221d11bc04292b0faf5c9d6b2ecccbd11cef",
        "revCount": 63,
        "type": "git",
        "url": "https://git.tryp.io/tek/exon"
      },
      "original": {
        "type": "git",
        "url": "https://git.tryp.io/tek/exon"
      }
    },
    "hix": {
      "inputs": {
        "nixpkgs": "nixpkgs",
        "thax": "thax"
      },
      "locked": {
        "lastModified": 1693680320,
        "narHash": "sha256-VSBXC3/JLC7NY0A6F7jimKJDh+6Q5qFFSfHH3Z7nbG4=",
        "ref": "refs/heads/main",
        "rev": "b6ddd1f31be67d2bb80e34bf926934795d857f1e",
        "revCount": 521,
        "type": "git",
        "url": "https://git.tryp.io/tek/hix"
      },
      "original": {
        "type": "git",
        "url": "https://git.tryp.io/tek/hix"
      }
    },
    "hix_2": {
      "inputs": {
        "nixpkgs": "nixpkgs_2",
        "thax": "thax_2"
      },
      "locked": {
        "lastModified": 1695049619,
        "narHash": "sha256-Gy/tjs1pBLknI14Mcp46ksdqFb0xubTf3n9bqJZSOHE=",
        "ref": "refs/heads/main",
        "rev": "677d00c20355e42191693d063e5561d2a6f45448",
        "revCount": 546,
        "type": "git",
        "url": "https://git.tryp.io/tek/hix"
      },
      "original": {
        "type": "git",
        "url": "https://git.tryp.io/tek/hix"
      }
    },
    "nixpkgs": {
      "locked": {
        "lastModified": 1692794812,
        "narHash": "sha256-lEVkjqiIyjAkkWwP2IadNzKur3NpBrvK6g8tJk1r458=",
        "owner": "nixos",
        "repo": "nixpkgs",
        "rev": "8b5b7def915305c7d4f5cf236c095bf898bc7995",
        "type": "github"
      },
      "original": {
        "owner": "nixos",
        "repo": "nixpkgs",
        "rev": "8b5b7def915305c7d4f5cf236c095bf898bc7995",
        "type": "github"
      }
    },
    "nixpkgs_2": {
      "locked": {
        "lastModified": 1694948089,
        "narHash": "sha256-d2B282GmQ9o8klc22/Rbbbj6r99EnELQpOQjWMyv0rU=",
        "owner": "nixos",
        "repo": "nixpkgs",
        "rev": "5148520bfab61f99fd25fb9ff7bfbb50dad3c9db",
        "type": "github"
      },
      "original": {
        "owner": "nixos",
        "repo": "nixpkgs",
        "rev": "5148520bfab61f99fd25fb9ff7bfbb50dad3c9db",
        "type": "github"
      }
    },
    "root": {
      "inputs": {
        "exon": "exon",
        "hix": "hix_2"
      }
    },
    "thax": {
      "locked": {
        "lastModified": 1691091387,
        "narHash": "sha256-i1dc/XqsIQizZ09o2ltX10zhV/3LCc0ZUqsS7enyN+g=",
        "owner": "tek",
        "repo": "thax",
        "rev": "10fa7482d171739414fc0d829005b4055799e4c6",
        "type": "github"
      },
      "original": {
        "owner": "tek",
        "repo": "thax",
        "type": "github"
      }
    },
    "thax_2": {
      "locked": {
        "lastModified": 1691091387,
        "narHash": "sha256-i1dc/XqsIQizZ09o2ltX10zhV/3LCc0ZUqsS7enyN+g=",
        "owner": "tek",
        "repo": "thax",
        "rev": "10fa7482d171739414fc0d829005b4055799e4c6",
        "type": "github"
      },
      "original": {
        "owner": "tek",
        "repo": "thax",
        "type": "github"
      }
    }
  },
  "root": "root",
  "version": 7
}
